// !$*UTF8*$!
{
	archiveVersion = 1;
	classes = {
	};
	objectVersion = 55;
	objects = {

/* Begin PBXBuildFile section */
		B7AE4B832883DE6A003D1D7A /* ImageBannerCollectionViewCell.swift in Sources */ = {isa = PBXBuildFile; fileRef = B7AE4B812883DE6A003D1D7A /* ImageBannerCollectionViewCell.swift */; };
		B7AE4B842883DE6A003D1D7A /* ImageBannerCollectionViewCell.xib in Resources */ = {isa = PBXBuildFile; fileRef = B7AE4B822883DE6A003D1D7A /* ImageBannerCollectionViewCell.xib */; };
		B7CC863528828EAC000F46F1 /* AppDelegate.swift in Sources */ = {isa = PBXBuildFile; fileRef = B7CC863428828EAC000F46F1 /* AppDelegate.swift */; };
		B7CC863728828EAC000F46F1 /* SceneDelegate.swift in Sources */ = {isa = PBXBuildFile; fileRef = B7CC863628828EAC000F46F1 /* SceneDelegate.swift */; };
		B7CC863E28828EAC000F46F1 /* Assets.xcassets in Resources */ = {isa = PBXBuildFile; fileRef = B7CC863D28828EAC000F46F1 /* Assets.xcassets */; };
		B7CC864128828EAC000F46F1 /* LaunchScreen.storyboard in Resources */ = {isa = PBXBuildFile; fileRef = B7CC863F28828EAC000F46F1 /* LaunchScreen.storyboard */; };
		B7CC864C28828EAD000F46F1 /* BunjangTests.swift in Sources */ = {isa = PBXBuildFile; fileRef = B7CC864B28828EAD000F46F1 /* BunjangTests.swift */; };
		B7CC865628828EAD000F46F1 /* BunjangUITests.swift in Sources */ = {isa = PBXBuildFile; fileRef = B7CC865528828EAD000F46F1 /* BunjangUITests.swift */; };
		B7CC865828828EAD000F46F1 /* BunjangUITestsLaunchTests.swift in Sources */ = {isa = PBXBuildFile; fileRef = B7CC865728828EAD000F46F1 /* BunjangUITestsLaunchTests.swift */; };
		B7CC866A28829191000F46F1 /* Authentication.storyboard in Resources */ = {isa = PBXBuildFile; fileRef = B7CC866928829191000F46F1 /* Authentication.storyboard */; };
		B7CC866E28829E78000F46F1 /* FirstView.swift in Sources */ = {isa = PBXBuildFile; fileRef = B7CC866D28829E78000F46F1 /* FirstView.swift */; };
		B7CC86702882A70E000F46F1 /* LoginView.swift in Sources */ = {isa = PBXBuildFile; fileRef = B7CC866F2882A70E000F46F1 /* LoginView.swift */; };
		B7CC86742882A914000F46F1 /* UITextField+Extension.swift in Sources */ = {isa = PBXBuildFile; fileRef = B7CC86732882A914000F46F1 /* UITextField+Extension.swift */; };
		B7CC86762882B2C0000F46F1 /* CertNumberView.swift in Sources */ = {isa = PBXBuildFile; fileRef = B7CC86752882B2C0000F46F1 /* CertNumberView.swift */; };
		B7CC86782882B5C9000F46F1 /* InputShopNameView.swift in Sources */ = {isa = PBXBuildFile; fileRef = B7CC86772882B5C9000F46F1 /* InputShopNameView.swift */; };
		B7CC867B2882BB02000F46F1 /* Main.storyboard in Resources */ = {isa = PBXBuildFile; fileRef = B7CC867A2882BB02000F46F1 /* Main.storyboard */; };
		B7CC867E2882BE7B000F46F1 /* TabBarView.swift in Sources */ = {isa = PBXBuildFile; fileRef = B7CC867D2882BE7B000F46F1 /* TabBarView.swift */; };
		B7CC86812882EFA6000F46F1 /* HomeView.swift in Sources */ = {isa = PBXBuildFile; fileRef = B7CC86802882EFA6000F46F1 /* HomeView.swift */; };
		B7CC86832882EFAC000F46F1 /* MyView.swift in Sources */ = {isa = PBXBuildFile; fileRef = B7CC86822882EFAC000F46F1 /* MyView.swift */; };
		B7CC8686288300BB000F46F1 /* Tabman in Frameworks */ = {isa = PBXBuildFile; productRef = B7CC8685288300BB000F46F1 /* Tabman */; };
		B7CC86882883033B000F46F1 /* ProductListView.swift in Sources */ = {isa = PBXBuildFile; fileRef = B7CC86872883033B000F46F1 /* ProductListView.swift */; };
		B7CC868A28830803000F46F1 /* TabManView.swift in Sources */ = {isa = PBXBuildFile; fileRef = B7CC868928830803000F46F1 /* TabManView.swift */; };
/* End PBXBuildFile section */

/* Begin PBXContainerItemProxy section */
		B7CC864828828EAD000F46F1 /* PBXContainerItemProxy */ = {
			isa = PBXContainerItemProxy;
			containerPortal = B7CC862928828EAC000F46F1 /* Project object */;
			proxyType = 1;
			remoteGlobalIDString = B7CC863028828EAC000F46F1;
			remoteInfo = Bunjang;
		};
		B7CC865228828EAD000F46F1 /* PBXContainerItemProxy */ = {
			isa = PBXContainerItemProxy;
			containerPortal = B7CC862928828EAC000F46F1 /* Project object */;
			proxyType = 1;
			remoteGlobalIDString = B7CC863028828EAC000F46F1;
			remoteInfo = Bunjang;
		};
/* End PBXContainerItemProxy section */

/* Begin PBXFileReference section */
		B7AE4B812883DE6A003D1D7A /* ImageBannerCollectionViewCell.swift */ = {isa = PBXFileReference; lastKnownFileType = sourcecode.swift; path = ImageBannerCollectionViewCell.swift; sourceTree = "<group>"; };
		B7AE4B822883DE6A003D1D7A /* ImageBannerCollectionViewCell.xib */ = {isa = PBXFileReference; lastKnownFileType = file.xib; path = ImageBannerCollectionViewCell.xib; sourceTree = "<group>"; };
		B7CC863128828EAC000F46F1 /* Bunjang.app */ = {isa = PBXFileReference; explicitFileType = wrapper.application; includeInIndex = 0; path = Bunjang.app; sourceTree = BUILT_PRODUCTS_DIR; };
		B7CC863428828EAC000F46F1 /* AppDelegate.swift */ = {isa = PBXFileReference; lastKnownFileType = sourcecode.swift; path = AppDelegate.swift; sourceTree = "<group>"; };
		B7CC863628828EAC000F46F1 /* SceneDelegate.swift */ = {isa = PBXFileReference; lastKnownFileType = sourcecode.swift; path = SceneDelegate.swift; sourceTree = "<group>"; };
		B7CC863D28828EAC000F46F1 /* Assets.xcassets */ = {isa = PBXFileReference; lastKnownFileType = folder.assetcatalog; path = Assets.xcassets; sourceTree = "<group>"; };
		B7CC864028828EAC000F46F1 /* Base */ = {isa = PBXFileReference; lastKnownFileType = file.storyboard; name = Base; path = Base.lproj/LaunchScreen.storyboard; sourceTree = "<group>"; };
		B7CC864228828EAC000F46F1 /* Info.plist */ = {isa = PBXFileReference; lastKnownFileType = text.plist.xml; path = Info.plist; sourceTree = "<group>"; };
		B7CC864728828EAD000F46F1 /* BunjangTests.xctest */ = {isa = PBXFileReference; explicitFileType = wrapper.cfbundle; includeInIndex = 0; path = BunjangTests.xctest; sourceTree = BUILT_PRODUCTS_DIR; };
		B7CC864B28828EAD000F46F1 /* BunjangTests.swift */ = {isa = PBXFileReference; lastKnownFileType = sourcecode.swift; path = BunjangTests.swift; sourceTree = "<group>"; };
		B7CC865128828EAD000F46F1 /* BunjangUITests.xctest */ = {isa = PBXFileReference; explicitFileType = wrapper.cfbundle; includeInIndex = 0; path = BunjangUITests.xctest; sourceTree = BUILT_PRODUCTS_DIR; };
		B7CC865528828EAD000F46F1 /* BunjangUITests.swift */ = {isa = PBXFileReference; lastKnownFileType = sourcecode.swift; path = BunjangUITests.swift; sourceTree = "<group>"; };
		B7CC865728828EAD000F46F1 /* BunjangUITestsLaunchTests.swift */ = {isa = PBXFileReference; lastKnownFileType = sourcecode.swift; path = BunjangUITestsLaunchTests.swift; sourceTree = "<group>"; };
		B7CC866928829191000F46F1 /* Authentication.storyboard */ = {isa = PBXFileReference; lastKnownFileType = file.storyboard; path = Authentication.storyboard; sourceTree = "<group>"; };
		B7CC866D28829E78000F46F1 /* FirstView.swift */ = {isa = PBXFileReference; lastKnownFileType = sourcecode.swift; path = FirstView.swift; sourceTree = "<group>"; };
		B7CC866F2882A70E000F46F1 /* LoginView.swift */ = {isa = PBXFileReference; lastKnownFileType = sourcecode.swift; path = LoginView.swift; sourceTree = "<group>"; };
		B7CC86732882A914000F46F1 /* UITextField+Extension.swift */ = {isa = PBXFileReference; lastKnownFileType = sourcecode.swift; path = "UITextField+Extension.swift"; sourceTree = "<group>"; };
		B7CC86752882B2C0000F46F1 /* CertNumberView.swift */ = {isa = PBXFileReference; lastKnownFileType = sourcecode.swift; path = CertNumberView.swift; sourceTree = "<group>"; };
		B7CC86772882B5C9000F46F1 /* InputShopNameView.swift */ = {isa = PBXFileReference; lastKnownFileType = sourcecode.swift; path = InputShopNameView.swift; sourceTree = "<group>"; };
		B7CC867A2882BB02000F46F1 /* Main.storyboard */ = {isa = PBXFileReference; lastKnownFileType = file.storyboard; path = Main.storyboard; sourceTree = "<group>"; };
		B7CC867D2882BE7B000F46F1 /* TabBarView.swift */ = {isa = PBXFileReference; lastKnownFileType = sourcecode.swift; path = TabBarView.swift; sourceTree = "<group>"; };
		B7CC86802882EFA6000F46F1 /* HomeView.swift */ = {isa = PBXFileReference; lastKnownFileType = sourcecode.swift; path = HomeView.swift; sourceTree = "<group>"; };
		B7CC86822882EFAC000F46F1 /* MyView.swift */ = {isa = PBXFileReference; lastKnownFileType = sourcecode.swift; path = MyView.swift; sourceTree = "<group>"; };
		B7CC86872883033B000F46F1 /* ProductListView.swift */ = {isa = PBXFileReference; lastKnownFileType = sourcecode.swift; path = ProductListView.swift; sourceTree = "<group>"; };
		B7CC868928830803000F46F1 /* TabManView.swift */ = {isa = PBXFileReference; lastKnownFileType = sourcecode.swift; path = TabManView.swift; sourceTree = "<group>"; };
/* End PBXFileReference section */

/* Begin PBXFrameworksBuildPhase section */
		B7CC862E28828EAC000F46F1 /* Frameworks */ = {
			isa = PBXFrameworksBuildPhase;
			buildActionMask = 2147483647;
			files = (
				B7CC8686288300BB000F46F1 /* Tabman in Frameworks */,
			);
			runOnlyForDeploymentPostprocessing = 0;
		};
		B7CC864428828EAD000F46F1 /* Frameworks */ = {
			isa = PBXFrameworksBuildPhase;
			buildActionMask = 2147483647;
			files = (
			);
			runOnlyForDeploymentPostprocessing = 0;
		};
		B7CC864E28828EAD000F46F1 /* Frameworks */ = {
			isa = PBXFrameworksBuildPhase;
			buildActionMask = 2147483647;
			files = (
			);
			runOnlyForDeploymentPostprocessing = 0;
		};
/* End PBXFrameworksBuildPhase section */

/* Begin PBXGroup section */
		B7AE4B802883DE47003D1D7A /* ImageBanner */ = {
			isa = PBXGroup;
			children = (
				B7AE4B812883DE6A003D1D7A /* ImageBannerCollectionViewCell.swift */,
				B7AE4B822883DE6A003D1D7A /* ImageBannerCollectionViewCell.xib */,
			);
			path = ImageBanner;
			sourceTree = "<group>";
		};
		B7CC862828828EAC000F46F1 = {
			isa = PBXGroup;
			children = (
				B7CC863328828EAC000F46F1 /* Bunjang */,
				B7CC864A28828EAD000F46F1 /* BunjangTests */,
				B7CC865428828EAD000F46F1 /* BunjangUITests */,
				B7CC863228828EAC000F46F1 /* Products */,
			);
			sourceTree = "<group>";
		};
		B7CC863228828EAC000F46F1 /* Products */ = {
			isa = PBXGroup;
			children = (
				B7CC863128828EAC000F46F1 /* Bunjang.app */,
				B7CC864728828EAD000F46F1 /* BunjangTests.xctest */,
				B7CC865128828EAD000F46F1 /* BunjangUITests.xctest */,
			);
			name = Products;
			sourceTree = "<group>";
		};
		B7CC863328828EAC000F46F1 /* Bunjang */ = {
			isa = PBXGroup;
			children = (
				B7CC866428828F3C000F46F1 /* App */,
				B7CC86712882A8EA000F46F1 /* Helpers */,
				B7CC866528828F48000F46F1 /* UserInterfaces */,
				B7CC863D28828EAC000F46F1 /* Assets.xcassets */,
				B7CC863F28828EAC000F46F1 /* LaunchScreen.storyboard */,
				B7CC864228828EAC000F46F1 /* Info.plist */,
			);
			path = Bunjang;
			sourceTree = "<group>";
		};
		B7CC864A28828EAD000F46F1 /* BunjangTests */ = {
			isa = PBXGroup;
			children = (
				B7CC864B28828EAD000F46F1 /* BunjangTests.swift */,
			);
			path = BunjangTests;
			sourceTree = "<group>";
		};
		B7CC865428828EAD000F46F1 /* BunjangUITests */ = {
			isa = PBXGroup;
			children = (
				B7CC865528828EAD000F46F1 /* BunjangUITests.swift */,
				B7CC865728828EAD000F46F1 /* BunjangUITestsLaunchTests.swift */,
			);
			path = BunjangUITests;
			sourceTree = "<group>";
		};
		B7CC866428828F3C000F46F1 /* App */ = {
			isa = PBXGroup;
			children = (
				B7CC863428828EAC000F46F1 /* AppDelegate.swift */,
				B7CC863628828EAC000F46F1 /* SceneDelegate.swift */,
			);
			path = App;
			sourceTree = "<group>";
		};
		B7CC866528828F48000F46F1 /* UserInterfaces */ = {
			isa = PBXGroup;
			children = (
				B7CC867C2882BE70000F46F1 /* Layout */,
				B7CC86662882902C000F46F1 /* Authentication */,
				B7CC86792882B900000F46F1 /* Home */,
				B7CC867F2882EF91000F46F1 /* My */,
				B7CC867A2882BB02000F46F1 /* Main.storyboard */,
			);
			path = UserInterfaces;
			sourceTree = "<group>";
		};
		B7CC86662882902C000F46F1 /* Authentication */ = {
			isa = PBXGroup;
			children = (
				B7CC866728829035000F46F1 /* First */,
				B7CC866828829163000F46F1 /* Login */,
				B7CC866928829191000F46F1 /* Authentication.storyboard */,
			);
			path = Authentication;
			sourceTree = "<group>";
		};
		B7CC866728829035000F46F1 /* First */ = {
			isa = PBXGroup;
			children = (
				B7CC866D28829E78000F46F1 /* FirstView.swift */,
			);
			path = First;
			sourceTree = "<group>";
		};
		B7CC866828829163000F46F1 /* Login */ = {
			isa = PBXGroup;
			children = (
				B7CC866F2882A70E000F46F1 /* LoginView.swift */,
				B7CC86752882B2C0000F46F1 /* CertNumberView.swift */,
				B7CC86772882B5C9000F46F1 /* InputShopNameView.swift */,
			);
			path = Login;
			sourceTree = "<group>";
		};
		B7CC86712882A8EA000F46F1 /* Helpers */ = {
			isa = PBXGroup;
			children = (
				B7CC86722882A8FE000F46F1 /* Extensions */,
			);
			path = Helpers;
			sourceTree = "<group>";
		};
		B7CC86722882A8FE000F46F1 /* Extensions */ = {
			isa = PBXGroup;
			children = (
				B7CC86732882A914000F46F1 /* UITextField+Extension.swift */,
			);
			path = Extensions;
			sourceTree = "<group>";
		};
		B7CC86792882B900000F46F1 /* Home */ = {
			isa = PBXGroup;
			children = (
				B7AE4B802883DE47003D1D7A /* ImageBanner */,
				B7CC86802882EFA6000F46F1 /* HomeView.swift */,
			);
			path = Home;
			sourceTree = "<group>";
		};
		B7CC867C2882BE70000F46F1 /* Layout */ = {
			isa = PBXGroup;
			children = (
				B7CC867D2882BE7B000F46F1 /* TabBarView.swift */,
			);
			path = Layout;
			sourceTree = "<group>";
		};
		B7CC867F2882EF91000F46F1 /* My */ = {
			isa = PBXGroup;
			children = (
				B7CC86822882EFAC000F46F1 /* MyView.swift */,
				B7CC86872883033B000F46F1 /* ProductListView.swift */,
				B7CC868928830803000F46F1 /* TabManView.swift */,
			);
			path = My;
			sourceTree = "<group>";
		};
/* End PBXGroup section */

/* Begin PBXNativeTarget section */
		B7CC863028828EAC000F46F1 /* Bunjang */ = {
			isa = PBXNativeTarget;
			buildConfigurationList = B7CC865B28828EAD000F46F1 /* Build configuration list for PBXNativeTarget "Bunjang" */;
			buildPhases = (
				B7CC862D28828EAC000F46F1 /* Sources */,
				B7CC862E28828EAC000F46F1 /* Frameworks */,
				B7CC862F28828EAC000F46F1 /* Resources */,
			);
			buildRules = (
			);
			dependencies = (
			);
			name = Bunjang;
			packageProductDependencies = (
				B7CC8685288300BB000F46F1 /* Tabman */,
			);
			productName = Bunjang;
			productReference = B7CC863128828EAC000F46F1 /* Bunjang.app */;
			productType = "com.apple.product-type.application";
		};
		B7CC864628828EAD000F46F1 /* BunjangTests */ = {
			isa = PBXNativeTarget;
			buildConfigurationList = B7CC865E28828EAD000F46F1 /* Build configuration list for PBXNativeTarget "BunjangTests" */;
			buildPhases = (
				B7CC864328828EAD000F46F1 /* Sources */,
				B7CC864428828EAD000F46F1 /* Frameworks */,
				B7CC864528828EAD000F46F1 /* Resources */,
			);
			buildRules = (
			);
			dependencies = (
				B7CC864928828EAD000F46F1 /* PBXTargetDependency */,
			);
			name = BunjangTests;
			productName = BunjangTests;
			productReference = B7CC864728828EAD000F46F1 /* BunjangTests.xctest */;
			productType = "com.apple.product-type.bundle.unit-test";
		};
		B7CC865028828EAD000F46F1 /* BunjangUITests */ = {
			isa = PBXNativeTarget;
			buildConfigurationList = B7CC866128828EAD000F46F1 /* Build configuration list for PBXNativeTarget "BunjangUITests" */;
			buildPhases = (
				B7CC864D28828EAD000F46F1 /* Sources */,
				B7CC864E28828EAD000F46F1 /* Frameworks */,
				B7CC864F28828EAD000F46F1 /* Resources */,
			);
			buildRules = (
			);
			dependencies = (
				B7CC865328828EAD000F46F1 /* PBXTargetDependency */,
			);
			name = BunjangUITests;
			productName = BunjangUITests;
			productReference = B7CC865128828EAD000F46F1 /* BunjangUITests.xctest */;
			productType = "com.apple.product-type.bundle.ui-testing";
		};
/* End PBXNativeTarget section */

/* Begin PBXProject section */
		B7CC862928828EAC000F46F1 /* Project object */ = {
			isa = PBXProject;
			attributes = {
				BuildIndependentTargetsInParallel = 1;
				LastSwiftUpdateCheck = 1320;
				LastUpgradeCheck = 1320;
				TargetAttributes = {
					B7CC863028828EAC000F46F1 = {
						CreatedOnToolsVersion = 13.2.1;
					};
					B7CC864628828EAD000F46F1 = {
						CreatedOnToolsVersion = 13.2.1;
						TestTargetID = B7CC863028828EAC000F46F1;
					};
					B7CC865028828EAD000F46F1 = {
						CreatedOnToolsVersion = 13.2.1;
						TestTargetID = B7CC863028828EAC000F46F1;
					};
				};
			};
			buildConfigurationList = B7CC862C28828EAC000F46F1 /* Build configuration list for PBXProject "Bunjang" */;
			compatibilityVersion = "Xcode 13.0";
			developmentRegion = en;
			hasScannedForEncodings = 0;
			knownRegions = (
				en,
				Base,
			);
			mainGroup = B7CC862828828EAC000F46F1;
			packageReferences = (
				B7CC8684288300BB000F46F1 /* XCRemoteSwiftPackageReference "Tabman" */,
			);
			productRefGroup = B7CC863228828EAC000F46F1 /* Products */;
			projectDirPath = "";
			projectRoot = "";
			targets = (
				B7CC863028828EAC000F46F1 /* Bunjang */,
				B7CC864628828EAD000F46F1 /* BunjangTests */,
				B7CC865028828EAD000F46F1 /* BunjangUITests */,
			);
		};
/* End PBXProject section */

/* Begin PBXResourcesBuildPhase section */
		B7CC862F28828EAC000F46F1 /* Resources */ = {
			isa = PBXResourcesBuildPhase;
			buildActionMask = 2147483647;
			files = (
				B7CC866A28829191000F46F1 /* Authentication.storyboard in Resources */,
				B7AE4B842883DE6A003D1D7A /* ImageBannerCollectionViewCell.xib in Resources */,
				B7CC864128828EAC000F46F1 /* LaunchScreen.storyboard in Resources */,
				B7CC863E28828EAC000F46F1 /* Assets.xcassets in Resources */,
				B7CC867B2882BB02000F46F1 /* Main.storyboard in Resources */,
			);
			runOnlyForDeploymentPostprocessing = 0;
		};
		B7CC864528828EAD000F46F1 /* Resources */ = {
			isa = PBXResourcesBuildPhase;
			buildActionMask = 2147483647;
			files = (
			);
			runOnlyForDeploymentPostprocessing = 0;
		};
		B7CC864F28828EAD000F46F1 /* Resources */ = {
			isa = PBXResourcesBuildPhase;
			buildActionMask = 2147483647;
			files = (
			);
			runOnlyForDeploymentPostprocessing = 0;
		};
/* End PBXResourcesBuildPhase section */

/* Begin PBXSourcesBuildPhase section */
		B7CC862D28828EAC000F46F1 /* Sources */ = {
			isa = PBXSourcesBuildPhase;
			buildActionMask = 2147483647;
			files = (
				B7CC86882883033B000F46F1 /* ProductListView.swift in Sources */,
				B7CC86812882EFA6000F46F1 /* HomeView.swift in Sources */,
				B7CC86782882B5C9000F46F1 /* InputShopNameView.swift in Sources */,
				B7CC86832882EFAC000F46F1 /* MyView.swift in Sources */,
				B7CC86762882B2C0000F46F1 /* CertNumberView.swift in Sources */,
				B7CC867E2882BE7B000F46F1 /* TabBarView.swift in Sources */,
				B7CC866E28829E78000F46F1 /* FirstView.swift in Sources */,
				B7AE4B832883DE6A003D1D7A /* ImageBannerCollectionViewCell.swift in Sources */,
				B7CC86702882A70E000F46F1 /* LoginView.swift in Sources */,
				B7CC86742882A914000F46F1 /* UITextField+Extension.swift in Sources */,
				B7CC868A28830803000F46F1 /* TabManView.swift in Sources */,
				B7CC863528828EAC000F46F1 /* AppDelegate.swift in Sources */,
				B7CC863728828EAC000F46F1 /* SceneDelegate.swift in Sources */,
			);
			runOnlyForDeploymentPostprocessing = 0;
		};
		B7CC864328828EAD000F46F1 /* Sources */ = {
			isa = PBXSourcesBuildPhase;
			buildActionMask = 2147483647;
			files = (
				B7CC864C28828EAD000F46F1 /* BunjangTests.swift in Sources */,
			);
			runOnlyForDeploymentPostprocessing = 0;
		};
		B7CC864D28828EAD000F46F1 /* Sources */ = {
			isa = PBXSourcesBuildPhase;
			buildActionMask = 2147483647;
			files = (
				B7CC865828828EAD000F46F1 /* BunjangUITestsLaunchTests.swift in Sources */,
				B7CC865628828EAD000F46F1 /* BunjangUITests.swift in Sources */,
			);
			runOnlyForDeploymentPostprocessing = 0;
		};
/* End PBXSourcesBuildPhase section */

/* Begin PBXTargetDependency section */
		B7CC864928828EAD000F46F1 /* PBXTargetDependency */ = {
			isa = PBXTargetDependency;
			target = B7CC863028828EAC000F46F1 /* Bunjang */;
			targetProxy = B7CC864828828EAD000F46F1 /* PBXContainerItemProxy */;
		};
		B7CC865328828EAD000F46F1 /* PBXTargetDependency */ = {
			isa = PBXTargetDependency;
			target = B7CC863028828EAC000F46F1 /* Bunjang */;
			targetProxy = B7CC865228828EAD000F46F1 /* PBXContainerItemProxy */;
		};
/* End PBXTargetDependency section */

/* Begin PBXVariantGroup section */
		B7CC863F28828EAC000F46F1 /* LaunchScreen.storyboard */ = {
			isa = PBXVariantGroup;
			children = (
				B7CC864028828EAC000F46F1 /* Base */,
			);
			name = LaunchScreen.storyboard;
			sourceTree = "<group>";
		};
/* End PBXVariantGroup section */

/* Begin XCBuildConfiguration section */
		B7CC865928828EAD000F46F1 /* Debug */ = {
			isa = XCBuildConfiguration;
			buildSettings = {
				ALWAYS_SEARCH_USER_PATHS = NO;
				CLANG_ANALYZER_NONNULL = YES;
				CLANG_ANALYZER_NUMBER_OBJECT_CONVERSION = YES_AGGRESSIVE;
				CLANG_CXX_LANGUAGE_STANDARD = "gnu++17";
				CLANG_CXX_LIBRARY = "libc++";
				CLANG_ENABLE_MODULES = YES;
				CLANG_ENABLE_OBJC_ARC = YES;
				CLANG_ENABLE_OBJC_WEAK = YES;
				CLANG_WARN_BLOCK_CAPTURE_AUTORELEASING = YES;
				CLANG_WARN_BOOL_CONVERSION = YES;
				CLANG_WARN_COMMA = YES;
				CLANG_WARN_CONSTANT_CONVERSION = YES;
				CLANG_WARN_DEPRECATED_OBJC_IMPLEMENTATIONS = YES;
				CLANG_WARN_DIRECT_OBJC_ISA_USAGE = YES_ERROR;
				CLANG_WARN_DOCUMENTATION_COMMENTS = YES;
				CLANG_WARN_EMPTY_BODY = YES;
				CLANG_WARN_ENUM_CONVERSION = YES;
				CLANG_WARN_INFINITE_RECURSION = YES;
				CLANG_WARN_INT_CONVERSION = YES;
				CLANG_WARN_NON_LITERAL_NULL_CONVERSION = YES;
				CLANG_WARN_OBJC_IMPLICIT_RETAIN_SELF = YES;
				CLANG_WARN_OBJC_LITERAL_CONVERSION = YES;
				CLANG_WARN_OBJC_ROOT_CLASS = YES_ERROR;
				CLANG_WARN_QUOTED_INCLUDE_IN_FRAMEWORK_HEADER = YES;
				CLANG_WARN_RANGE_LOOP_ANALYSIS = YES;
				CLANG_WARN_STRICT_PROTOTYPES = YES;
				CLANG_WARN_SUSPICIOUS_MOVE = YES;
				CLANG_WARN_UNGUARDED_AVAILABILITY = YES_AGGRESSIVE;
				CLANG_WARN_UNREACHABLE_CODE = YES;
				CLANG_WARN__DUPLICATE_METHOD_MATCH = YES;
				COPY_PHASE_STRIP = NO;
				DEBUG_INFORMATION_FORMAT = dwarf;
				ENABLE_STRICT_OBJC_MSGSEND = YES;
				ENABLE_TESTABILITY = YES;
				GCC_C_LANGUAGE_STANDARD = gnu11;
				GCC_DYNAMIC_NO_PIC = NO;
				GCC_NO_COMMON_BLOCKS = YES;
				GCC_OPTIMIZATION_LEVEL = 0;
				GCC_PREPROCESSOR_DEFINITIONS = (
					"DEBUG=1",
					"$(inherited)",
				);
				GCC_WARN_64_TO_32_BIT_CONVERSION = YES;
				GCC_WARN_ABOUT_RETURN_TYPE = YES_ERROR;
				GCC_WARN_UNDECLARED_SELECTOR = YES;
				GCC_WARN_UNINITIALIZED_AUTOS = YES_AGGRESSIVE;
				GCC_WARN_UNUSED_FUNCTION = YES;
				GCC_WARN_UNUSED_VARIABLE = YES;
				IPHONEOS_DEPLOYMENT_TARGET = 15.2;
				MTL_ENABLE_DEBUG_INFO = INCLUDE_SOURCE;
				MTL_FAST_MATH = YES;
				ONLY_ACTIVE_ARCH = YES;
				SDKROOT = iphoneos;
				SWIFT_ACTIVE_COMPILATION_CONDITIONS = DEBUG;
				SWIFT_OPTIMIZATION_LEVEL = "-Onone";
			};
			name = Debug;
		};
		B7CC865A28828EAD000F46F1 /* Release */ = {
			isa = XCBuildConfiguration;
			buildSettings = {
				ALWAYS_SEARCH_USER_PATHS = NO;
				CLANG_ANALYZER_NONNULL = YES;
				CLANG_ANALYZER_NUMBER_OBJECT_CONVERSION = YES_AGGRESSIVE;
				CLANG_CXX_LANGUAGE_STANDARD = "gnu++17";
				CLANG_CXX_LIBRARY = "libc++";
				CLANG_ENABLE_MODULES = YES;
				CLANG_ENABLE_OBJC_ARC = YES;
				CLANG_ENABLE_OBJC_WEAK = YES;
				CLANG_WARN_BLOCK_CAPTURE_AUTORELEASING = YES;
				CLANG_WARN_BOOL_CONVERSION = YES;
				CLANG_WARN_COMMA = YES;
				CLANG_WARN_CONSTANT_CONVERSION = YES;
				CLANG_WARN_DEPRECATED_OBJC_IMPLEMENTATIONS = YES;
				CLANG_WARN_DIRECT_OBJC_ISA_USAGE = YES_ERROR;
				CLANG_WARN_DOCUMENTATION_COMMENTS = YES;
				CLANG_WARN_EMPTY_BODY = YES;
				CLANG_WARN_ENUM_CONVERSION = YES;
				CLANG_WARN_INFINITE_RECURSION = YES;
				CLANG_WARN_INT_CONVERSION = YES;
				CLANG_WARN_NON_LITERAL_NULL_CONVERSION = YES;
				CLANG_WARN_OBJC_IMPLICIT_RETAIN_SELF = YES;
				CLANG_WARN_OBJC_LITERAL_CONVERSION = YES;
				CLANG_WARN_OBJC_ROOT_CLASS = YES_ERROR;
				CLANG_WARN_QUOTED_INCLUDE_IN_FRAMEWORK_HEADER = YES;
				CLANG_WARN_RANGE_LOOP_ANALYSIS = YES;
				CLANG_WARN_STRICT_PROTOTYPES = YES;
				CLANG_WARN_SUSPICIOUS_MOVE = YES;
				CLANG_WARN_UNGUARDED_AVAILABILITY = YES_AGGRESSIVE;
				CLANG_WARN_UNREACHABLE_CODE = YES;
				CLANG_WARN__DUPLICATE_METHOD_MATCH = YES;
				COPY_PHASE_STRIP = NO;
				DEBUG_INFORMATION_FORMAT = "dwarf-with-dsym";
				ENABLE_NS_ASSERTIONS = NO;
				ENABLE_STRICT_OBJC_MSGSEND = YES;
				GCC_C_LANGUAGE_STANDARD = gnu11;
				GCC_NO_COMMON_BLOCKS = YES;
				GCC_WARN_64_TO_32_BIT_CONVERSION = YES;
				GCC_WARN_ABOUT_RETURN_TYPE = YES_ERROR;
				GCC_WARN_UNDECLARED_SELECTOR = YES;
				GCC_WARN_UNINITIALIZED_AUTOS = YES_AGGRESSIVE;
				GCC_WARN_UNUSED_FUNCTION = YES;
				GCC_WARN_UNUSED_VARIABLE = YES;
				IPHONEOS_DEPLOYMENT_TARGET = 15.2;
				MTL_ENABLE_DEBUG_INFO = NO;
				MTL_FAST_MATH = YES;
				SDKROOT = iphoneos;
				SWIFT_COMPILATION_MODE = wholemodule;
				SWIFT_OPTIMIZATION_LEVEL = "-O";
				VALIDATE_PRODUCT = YES;
			};
			name = Release;
		};
		B7CC865C28828EAD000F46F1 /* Debug */ = {
			isa = XCBuildConfiguration;
			buildSettings = {
				ASSETCATALOG_COMPILER_APPICON_NAME = AppIcon;
				ASSETCATALOG_COMPILER_GLOBAL_ACCENT_COLOR_NAME = AccentColor;
				CODE_SIGN_STYLE = Automatic;
				CURRENT_PROJECT_VERSION = 1;
				GENERATE_INFOPLIST_FILE = YES;
				INFOPLIST_FILE = Bunjang/Info.plist;
				INFOPLIST_KEY_UIApplicationSupportsIndirectInputEvents = YES;
				INFOPLIST_KEY_UILaunchStoryboardName = LaunchScreen;
				INFOPLIST_KEY_UIMainStoryboardFile = Authentication;
				INFOPLIST_KEY_UISupportedInterfaceOrientations = UIInterfaceOrientationPortrait;
				INFOPLIST_KEY_UISupportedInterfaceOrientations_iPad = "UIInterfaceOrientationPortrait UIInterfaceOrientationPortraitUpsideDown UIInterfaceOrientationLandscapeLeft UIInterfaceOrientationLandscapeRight";
				INFOPLIST_KEY_UISupportedInterfaceOrientations_iPhone = UIInterfaceOrientationPortrait;
				LD_RUNPATH_SEARCH_PATHS = (
					"$(inherited)",
					"@executable_path/Frameworks",
				);
				MARKETING_VERSION = 1.0;
				PRODUCT_BUNDLE_IDENTIFIER = com.phw.Bunjang;
				PRODUCT_NAME = "$(TARGET_NAME)";
				SWIFT_EMIT_LOC_STRINGS = YES;
				SWIFT_VERSION = 5.0;
				TARGETED_DEVICE_FAMILY = "1,2";
			};
			name = Debug;
		};
		B7CC865D28828EAD000F46F1 /* Release */ = {
			isa = XCBuildConfiguration;
			buildSettings = {
				ASSETCATALOG_COMPILER_APPICON_NAME = AppIcon;
				ASSETCATALOG_COMPILER_GLOBAL_ACCENT_COLOR_NAME = AccentColor;
				CODE_SIGN_STYLE = Automatic;
				CURRENT_PROJECT_VERSION = 1;
				GENERATE_INFOPLIST_FILE = YES;
				INFOPLIST_FILE = Bunjang/Info.plist;
				INFOPLIST_KEY_UIApplicationSupportsIndirectInputEvents = YES;
				INFOPLIST_KEY_UILaunchStoryboardName = LaunchScreen;
				INFOPLIST_KEY_UIMainStoryboardFile = Authentication;
				INFOPLIST_KEY_UISupportedInterfaceOrientations = UIInterfaceOrientationPortrait;
				INFOPLIST_KEY_UISupportedInterfaceOrientations_iPad = "UIInterfaceOrientationPortrait UIInterfaceOrientationPortraitUpsideDown UIInterfaceOrientationLandscapeLeft UIInterfaceOrientationLandscapeRight";
				INFOPLIST_KEY_UISupportedInterfaceOrientations_iPhone = UIInterfaceOrientationPortrait;
				LD_RUNPATH_SEARCH_PATHS = (
					"$(inherited)",
					"@executable_path/Frameworks",
				);
				MARKETING_VERSION = 1.0;
				PRODUCT_BUNDLE_IDENTIFIER = com.phw.Bunjang;
				PRODUCT_NAME = "$(TARGET_NAME)";
				SWIFT_EMIT_LOC_STRINGS = YES;
				SWIFT_VERSION = 5.0;
				TARGETED_DEVICE_FAMILY = "1,2";
			};
			name = Release;
		};
		B7CC865F28828EAD000F46F1 /* Debug */ = {
			isa = XCBuildConfiguration;
			buildSettings = {
				ALWAYS_EMBED_SWIFT_STANDARD_LIBRARIES = YES;
				BUNDLE_LOADER = "$(TEST_HOST)";
				CODE_SIGN_STYLE = Automatic;
				CURRENT_PROJECT_VERSION = 1;
				GENERATE_INFOPLIST_FILE = YES;
				IPHONEOS_DEPLOYMENT_TARGET = 15.2;
				MARKETING_VERSION = 1.0;
				PRODUCT_BUNDLE_IDENTIFIER = com.phw.BunjangTests;
				PRODUCT_NAME = "$(TARGET_NAME)";
				SWIFT_EMIT_LOC_STRINGS = NO;
				SWIFT_VERSION = 5.0;
				TARGETED_DEVICE_FAMILY = "1,2";
				TEST_HOST = "$(BUILT_PRODUCTS_DIR)/Bunjang.app/Bunjang";
			};
			name = Debug;
		};
		B7CC866028828EAD000F46F1 /* Release */ = {
			isa = XCBuildConfiguration;
			buildSettings = {
				ALWAYS_EMBED_SWIFT_STANDARD_LIBRARIES = YES;
				BUNDLE_LOADER = "$(TEST_HOST)";
				CODE_SIGN_STYLE = Automatic;
				CURRENT_PROJECT_VERSION = 1;
				GENERATE_INFOPLIST_FILE = YES;
				IPHONEOS_DEPLOYMENT_TARGET = 15.2;
				MARKETING_VERSION = 1.0;
				PRODUCT_BUNDLE_IDENTIFIER = com.phw.BunjangTests;
				PRODUCT_NAME = "$(TARGET_NAME)";
				SWIFT_EMIT_LOC_STRINGS = NO;
				SWIFT_VERSION = 5.0;
				TARGETED_DEVICE_FAMILY = "1,2";
				TEST_HOST = "$(BUILT_PRODUCTS_DIR)/Bunjang.app/Bunjang";
			};
			name = Release;
		};
		B7CC866228828EAD000F46F1 /* Debug */ = {
			isa = XCBuildConfiguration;
			buildSettings = {
				ALWAYS_EMBED_SWIFT_STANDARD_LIBRARIES = YES;
				CODE_SIGN_STYLE = Automatic;
				CURRENT_PROJECT_VERSION = 1;
				GENERATE_INFOPLIST_FILE = YES;
				MARKETING_VERSION = 1.0;
				PRODUCT_BUNDLE_IDENTIFIER = com.phw.BunjangUITests;
				PRODUCT_NAME = "$(TARGET_NAME)";
				SWIFT_EMIT_LOC_STRINGS = NO;
				SWIFT_VERSION = 5.0;
				TARGETED_DEVICE_FAMILY = "1,2";
				TEST_TARGET_NAME = Bunjang;
			};
			name = Debug;
		};
		B7CC866328828EAD000F46F1 /* Release */ = {
			isa = XCBuildConfiguration;
			buildSettings = {
				ALWAYS_EMBED_SWIFT_STANDARD_LIBRARIES = YES;
				CODE_SIGN_STYLE = Automatic;
				CURRENT_PROJECT_VERSION = 1;
				GENERATE_INFOPLIST_FILE = YES;
				MARKETING_VERSION = 1.0;
				PRODUCT_BUNDLE_IDENTIFIER = com.phw.BunjangUITests;
				PRODUCT_NAME = "$(TARGET_NAME)";
				SWIFT_EMIT_LOC_STRINGS = NO;
				SWIFT_VERSION = 5.0;
				TARGETED_DEVICE_FAMILY = "1,2";
				TEST_TARGET_NAME = Bunjang;
			};
			name = Release;
		};
/* End XCBuildConfiguration section */

/* Begin XCConfigurationList section */
		B7CC862C28828EAC000F46F1 /* Build configuration list for PBXProject "Bunjang" */ = {
			isa = XCConfigurationList;
			buildConfigurations = (
				B7CC865928828EAD000F46F1 /* Debug */,
				B7CC865A28828EAD000F46F1 /* Release */,
			);
			defaultConfigurationIsVisible = 0;
			defaultConfigurationName = Release;
		};
		B7CC865B28828EAD000F46F1 /* Build configuration list for PBXNativeTarget "Bunjang" */ = {
			isa = XCConfigurationList;
			buildConfigurations = (
				B7CC865C28828EAD000F46F1 /* Debug */,
				B7CC865D28828EAD000F46F1 /* Release */,
			);
			defaultConfigurationIsVisible = 0;
			defaultConfigurationName = Release;
		};
		B7CC865E28828EAD000F46F1 /* Build configuration list for PBXNativeTarget "BunjangTests" */ = {
			isa = XCConfigurationList;
			buildConfigurations = (
				B7CC865F28828EAD000F46F1 /* Debug */,
				B7CC866028828EAD000F46F1 /* Release */,
			);
			defaultConfigurationIsVisible = 0;
			defaultConfigurationName = Release;
		};
		B7CC866128828EAD000F46F1 /* Build configuration list for PBXNativeTarget "BunjangUITests" */ = {
			isa = XCConfigurationList;
			buildConfigurations = (
				B7CC866228828EAD000F46F1 /* Debug */,
				B7CC866328828EAD000F46F1 /* Release */,
			);
			defaultConfigurationIsVisible = 0;
			defaultConfigurationName = Release;
		};
/* End XCConfigurationList section */

/* Begin XCRemoteSwiftPackageReference section */
		B7CC8684288300BB000F46F1 /* XCRemoteSwiftPackageReference "Tabman" */ = {
			isa = XCRemoteSwiftPackageReference;
			repositoryURL = "https://github.com/uias/Tabman";
			requirement = {
				kind = upToNextMajorVersion;
				minimumVersion = 2.0.0;
			};
		};
/* End XCRemoteSwiftPackageReference section */

/* Begin XCSwiftPackageProductDependency section */
		B7CC8685288300BB000F46F1 /* Tabman */ = {
			isa = XCSwiftPackageProductDependency;
			package = B7CC8684288300BB000F46F1 /* XCRemoteSwiftPackageReference "Tabman" */;
			productName = Tabman;
		};
/* End XCSwiftPackageProductDependency section */
	};
	rootObject = B7CC862928828EAC000F46F1 /* Project object */;
}
